# This file is automatically @generated by Cargo.
# It is not intended for manual editing.
version = 3

[[package]]
name = "apache2"
version = "0.0.2"
dependencies = [
 "libc",
]

[[package]]
name = "interpolate_idents"
version = "0.2.9"
source = "registry+https://github.com/rust-lang/crates.io-index"
checksum = "5a2ac0175d5bd68a817188b70ea3ad6850c57921bb4d9ddf08aea216376ec51a"

[[package]]
name = "libc"
version = "0.2.118"
source = "registry+https://github.com/rust-lang/crates.io-index"
checksum = "06e509672465a0504304aa87f9f176f2b2b716ed8fb105ebe5c02dc6dce96a94"

[[package]]
name = "mod_hello"
version = "0.0.2"
dependencies = [
 "apache2",
 "interpolate_idents",
]
